// !$*UTF8*$!
{
	archiveVersion = 1;
	classes = {
	};
	objectVersion = 46;
	objects = {

/* Begin PBXBuildFile section */
		C10FB73318D88E6F0051B96B /* Foundation.framework in Frameworks */ = {isa = PBXBuildFile; fileRef = C10FB73218D88E6F0051B96B /* Foundation.framework */; };
		C10FB73518D88E6F0051B96B /* CoreGraphics.framework in Frameworks */ = {isa = PBXBuildFile; fileRef = C10FB73418D88E6F0051B96B /* CoreGraphics.framework */; };
		C10FB73718D88E700051B96B /* UIKit.framework in Frameworks */ = {isa = PBXBuildFile; fileRef = C10FB73618D88E700051B96B /* UIKit.framework */; };
		C10FB73D18D88E700051B96B /* InfoPlist.strings in Resources */ = {isa = PBXBuildFile; fileRef = C10FB73B18D88E700051B96B /* InfoPlist.strings */; };
		C10FB73F18D88E700051B96B /* main.m in Sources */ = {isa = PBXBuildFile; fileRef = C10FB73E18D88E700051B96B /* main.m */; };
		C10FB74318D88E700051B96B /* AppDelegate.m in Sources */ = {isa = PBXBuildFile; fileRef = C10FB74218D88E700051B96B /* AppDelegate.m */; };
		C10FB74518D88E700051B96B /* Images.xcassets in Resources */ = {isa = PBXBuildFile; fileRef = C10FB74418D88E700051B96B /* Images.xcassets */; };
		C10FB74C18D88E700051B96B /* XCTest.framework in Frameworks */ = {isa = PBXBuildFile; fileRef = C10FB74B18D88E700051B96B /* XCTest.framework */; };
		C10FB74D18D88E700051B96B /* Foundation.framework in Frameworks */ = {isa = PBXBuildFile; fileRef = C10FB73218D88E6F0051B96B /* Foundation.framework */; };
		C10FB74E18D88E700051B96B /* UIKit.framework in Frameworks */ = {isa = PBXBuildFile; fileRef = C10FB73618D88E700051B96B /* UIKit.framework */; };
		C10FB75618D88E700051B96B /* InfoPlist.strings in Resources */ = {isa = PBXBuildFile; fileRef = C10FB75418D88E700051B96B /* InfoPlist.strings */; };
		C10FB75818D88E700051B96B /* GroupTableViewTests.m in Sources */ = {isa = PBXBuildFile; fileRef = C10FB75718D88E700051B96B /* GroupTableViewTests.m */; };
		C10FB76418D88E9A0051B96B /* ViewController.m in Sources */ = {isa = PBXBuildFile; fileRef = C10FB76218D88E9A0051B96B /* ViewController.m */; };
		C10FB76518D88E9A0051B96B /* ViewController.xib in Resources */ = {isa = PBXBuildFile; fileRef = C10FB76318D88E9A0051B96B /* ViewController.xib */; };
		C10FB76918D897DC0051B96B /* DetailViewController.m in Sources */ = {isa = PBXBuildFile; fileRef = C10FB76718D897DC0051B96B /* DetailViewController.m */; };
		C10FB76A18D897DC0051B96B /* DetailViewController.xib in Resources */ = {isa = PBXBuildFile; fileRef = C10FB76818D897DC0051B96B /* DetailViewController.xib */; };
/* End PBXBuildFile section */

/* Begin PBXContainerItemProxy section */
		C10FB74F18D88E700051B96B /* PBXContainerItemProxy */ = {
			isa = PBXContainerItemProxy;
			containerPortal = C10FB72718D88E6F0051B96B /* Project object */;
			proxyType = 1;
			remoteGlobalIDString = C10FB72E18D88E6F0051B96B;
			remoteInfo = GroupTableView;
		};
/* End PBXContainerItemProxy section */

/* Begin PBXFileReference section */
		C10FB72F18D88E6F0051B96B /* GroupTableView.app */ = {isa = PBXFileReference; explicitFileType = wrapper.application; includeInIndex = 0; path = GroupTableView.app; sourceTree = BUILT_PRODUCTS_DIR; };
		C10FB73218D88E6F0051B96B /* Foundation.framework */ = {isa = PBXFileReference; lastKnownFileType = wrapper.framework; name = Foundation.framework; path = System/Library/Frameworks/Foundation.framework; sourceTree = SDKROOT; };
		C10FB73418D88E6F0051B96B /* CoreGraphics.framework */ = {isa = PBXFileReference; lastKnownFileType = wrapper.framework; name = CoreGraphics.framework; path = System/Library/Frameworks/CoreGraphics.framework; sourceTree = SDKROOT; };
		C10FB73618D88E700051B96B /* UIKit.framework */ = {isa = PBXFileReference; lastKnownFileType = wrapper.framework; name = UIKit.framework; path = System/Library/Frameworks/UIKit.framework; sourceTree = SDKROOT; };
		C10FB73A18D88E700051B96B /* GroupTableView-Info.plist */ = {isa = PBXFileReference; lastKnownFileType = text.plist.xml; path = "GroupTableView-Info.plist"; sourceTree = "<group>"; };
		C10FB73C18D88E700051B96B /* en */ = {isa = PBXFileReference; lastKnownFileType = text.plist.strings; name = en; path = en.lproj/InfoPlist.strings; sourceTree = "<group>"; };
		C10FB73E18D88E700051B96B /* main.m */ = {isa = PBXFileReference; lastKnownFileType = sourcecode.c.objc; path = main.m; sourceTree = "<group>"; };
		C10FB74018D88E700051B96B /* GroupTableView-Prefix.pch */ = {isa = PBXFileReference; lastKnownFileType = sourcecode.c.h; path = "GroupTableView-Prefix.pch"; sourceTree = "<group>"; };
		C10FB74118D88E700051B96B /* AppDelegate.h */ = {isa = PBXFileReference; lastKnownFileType = sourcecode.c.h; path = AppDelegate.h; sourceTree = "<group>"; };
		C10FB74218D88E700051B96B /* AppDelegate.m */ = {isa = PBXFileReference; lastKnownFileType = sourcecode.c.objc; path = AppDelegate.m; sourceTree = "<group>"; };
		C10FB74418D88E700051B96B /* Images.xcassets */ = {isa = PBXFileReference; lastKnownFileType = folder.assetcatalog; path = Images.xcassets; sourceTree = "<group>"; };
		C10FB74A18D88E700051B96B /* GroupTableViewTests.xctest */ = {isa = PBXFileReference; explicitFileType = wrapper.cfbundle; includeInIndex = 0; path = GroupTableViewTests.xctest; sourceTree = BUILT_PRODUCTS_DIR; };
		C10FB74B18D88E700051B96B /* XCTest.framework */ = {isa = PBXFileReference; lastKnownFileType = wrapper.framework; name = XCTest.framework; path = Library/Frameworks/XCTest.framework; sourceTree = DEVELOPER_DIR; };
		C10FB75318D88E700051B96B /* GroupTableViewTests-Info.plist */ = {isa = PBXFileReference; lastKnownFileType = text.plist.xml; path = "GroupTableViewTests-Info.plist"; sourceTree = "<group>"; };
		C10FB75518D88E700051B96B /* en */ = {isa = PBXFileReference; lastKnownFileType = text.plist.strings; name = en; path = en.lproj/InfoPlist.strings; sourceTree = "<group>"; };
		C10FB75718D88E700051B96B /* GroupTableViewTests.m */ = {isa = PBXFileReference; lastKnownFileType = sourcecode.c.objc; path = GroupTableViewTests.m; sourceTree = "<group>"; };
		C10FB76118D88E9A0051B96B /* ViewController.h */ = {isa = PBXFileReference; fileEncoding = 4; lastKnownFileType = sourcecode.c.h; path = ViewController.h; sourceTree = "<group>"; };
		C10FB76218D88E9A0051B96B /* ViewController.m */ = {isa = PBXFileReference; fileEncoding = 4; lastKnownFileType = sourcecode.c.objc; path = ViewController.m; sourceTree = "<group>"; };
		C10FB76318D88E9A0051B96B /* ViewController.xib */ = {isa = PBXFileReference; fileEncoding = 4; lastKnownFileType = file.xib; path = ViewController.xib; sourceTree = "<group>"; };
		C10FB76618D897DC0051B96B /* DetailViewController.h */ = {isa = PBXFileReference; fileEncoding = 4; lastKnownFileType = sourcecode.c.h; path = DetailViewController.h; sourceTree = "<group>"; };
		C10FB76718D897DC0051B96B /* DetailViewController.m */ = {isa = PBXFileReference; fileEncoding = 4; lastKnownFileType = sourcecode.c.objc; path = DetailViewController.m; sourceTree = "<group>"; };
		C10FB76818D897DC0051B96B /* DetailViewController.xib */ = {isa = PBXFileReference; fileEncoding = 4; lastKnownFileType = file.xib; path = DetailViewController.xib; sourceTree = "<group>"; };
/* End PBXFileReference section */

/* Begin PBXFrameworksBuildPhase section */
		C10FB72C18D88E6F0051B96B /* Frameworks */ = {
			isa = PBXFrameworksBuildPhase;
			buildActionMask = 2147483647;
			files = (
				C10FB73518D88E6F0051B96B /* CoreGraphics.framework in Frameworks */,
				C10FB73718D88E700051B96B /* UIKit.framework in Frameworks */,
				C10FB73318D88E6F0051B96B /* Foundation.framework in Frameworks */,
			);
			runOnlyForDeploymentPostprocessing = 0;
		};
		C10FB74718D88E700051B96B /* Frameworks */ = {
			isa = PBXFrameworksBuildPhase;
			buildActionMask = 2147483647;
			files = (
				C10FB74C18D88E700051B96B /* XCTest.framework in Frameworks */,
				C10FB74E18D88E700051B96B /* UIKit.framework in Frameworks */,
				C10FB74D18D88E700051B96B /* Foundation.framework in Frameworks */,
			);
			runOnlyForDeploymentPostprocessing = 0;
		};
/* End PBXFrameworksBuildPhase section */

/* Begin PBXGroup section */
		C10FB72618D88E6F0051B96B = {
			isa = PBXGroup;
			children = (
				C10FB73818D88E700051B96B /* GroupTableView */,
				C10FB75118D88E700051B96B /* GroupTableViewTests */,
				C10FB73118D88E6F0051B96B /* Frameworks */,
				C10FB73018D88E6F0051B96B /* Products */,
			);
			sourceTree = "<group>";
		};
		C10FB73018D88E6F0051B96B /* Products */ = {
			isa = PBXGroup;
			children = (
				C10FB72F18D88E6F0051B96B /* GroupTableView.app */,
				C10FB74A18D88E700051B96B /* GroupTableViewTests.xctest */,
			);
			name = Products;
			sourceTree = "<group>";
		};
		C10FB73118D88E6F0051B96B /* Frameworks */ = {
			isa = PBXGroup;
			children = (
				C10FB73218D88E6F0051B96B /* Foundation.framework */,
				C10FB73418D88E6F0051B96B /* CoreGraphics.framework */,
				C10FB73618D88E700051B96B /* UIKit.framework */,
				C10FB74B18D88E700051B96B /* XCTest.framework */,
			);
			name = Frameworks;
			sourceTree = "<group>";
		};
		C10FB73818D88E700051B96B /* GroupTableView */ = {
			isa = PBXGroup;
			children = (
				C10FB74118D88E700051B96B /* AppDelegate.h */,
				C10FB74218D88E700051B96B /* AppDelegate.m */,
				C10FB76118D88E9A0051B96B /* ViewController.h */,
				C10FB76218D88E9A0051B96B /* ViewController.m */,
				C10FB76318D88E9A0051B96B /* ViewController.xib */,
				C10FB76618D897DC0051B96B /* DetailViewController.h */,
				C10FB76718D897DC0051B96B /* DetailViewController.m */,
				C10FB76818D897DC0051B96B /* DetailViewController.xib */,
				C10FB74418D88E700051B96B /* Images.xcassets */,
				C10FB73918D88E700051B96B /* Supporting Files */,
			);
			path = GroupTableView;
			sourceTree = "<group>";
		};
		C10FB73918D88E700051B96B /* Supporting Files */ = {
			isa = PBXGroup;
			children = (
				C10FB73A18D88E700051B96B /* GroupTableView-Info.plist */,
				C10FB73B18D88E700051B96B /* InfoPlist.strings */,
				C10FB73E18D88E700051B96B /* main.m */,
				C10FB74018D88E700051B96B /* GroupTableView-Prefix.pch */,
			);
			name = "Supporting Files";
			sourceTree = "<group>";
		};
		C10FB75118D88E700051B96B /* GroupTableViewTests */ = {
			isa = PBXGroup;
			children = (
				C10FB75718D88E700051B96B /* GroupTableViewTests.m */,
				C10FB75218D88E700051B96B /* Supporting Files */,
			);
			path = GroupTableViewTests;
			sourceTree = "<group>";
		};
		C10FB75218D88E700051B96B /* Supporting Files */ = {
			isa = PBXGroup;
			children = (
				C10FB75318D88E700051B96B /* GroupTableViewTests-Info.plist */,
				C10FB75418D88E700051B96B /* InfoPlist.strings */,
			);
			name = "Supporting Files";
			sourceTree = "<group>";
		};
/* End PBXGroup section */

/* Begin PBXNativeTarget section */
		C10FB72E18D88E6F0051B96B /* GroupTableView */ = {
			isa = PBXNativeTarget;
			buildConfigurationList = C10FB75B18D88E700051B96B /* Build configuration list for PBXNativeTarget "GroupTableView" */;
			buildPhases = (
				C10FB72B18D88E6F0051B96B /* Sources */,
				C10FB72C18D88E6F0051B96B /* Frameworks */,
				C10FB72D18D88E6F0051B96B /* Resources */,
			);
			buildRules = (
			);
			dependencies = (
			);
			name = GroupTableView;
			productName = GroupTableView;
			productReference = C10FB72F18D88E6F0051B96B /* GroupTableView.app */;
			productType = "com.apple.product-type.application";
		};
		C10FB74918D88E700051B96B /* GroupTableViewTests */ = {
			isa = PBXNativeTarget;
			buildConfigurationList = C10FB75E18D88E700051B96B /* Build configuration list for PBXNativeTarget "GroupTableViewTests" */;
			buildPhases = (
				C10FB74618D88E700051B96B /* Sources */,
				C10FB74718D88E700051B96B /* Frameworks */,
				C10FB74818D88E700051B96B /* Resources */,
			);
			buildRules = (
			);
			dependencies = (
				C10FB75018D88E700051B96B /* PBXTargetDependency */,
			);
			name = GroupTableViewTests;
			productName = GroupTableViewTests;
			productReference = C10FB74A18D88E700051B96B /* GroupTableViewTests.xctest */;
			productType = "com.apple.product-type.bundle.unit-test";
		};
/* End PBXNativeTarget section */

/* Begin PBXProject section */
		C10FB72718D88E6F0051B96B /* Project object */ = {
			isa = PBXProject;
			attributes = {
				LastUpgradeCheck = 0510;
				ORGANIZATIONNAME = Xummer;
				TargetAttributes = {
					C10FB74918D88E700051B96B = {
						TestTargetID = C10FB72E18D88E6F0051B96B;
					};
				};
			};
			buildConfigurationList = C10FB72A18D88E6F0051B96B /* Build configuration list for PBXProject "GroupTableView" */;
			compatibilityVersion = "Xcode 3.2";
			developmentRegion = English;
			hasScannedForEncodings = 0;
			knownRegions = (
				en,
			);
			mainGroup = C10FB72618D88E6F0051B96B;
			productRefGroup = C10FB73018D88E6F0051B96B /* Products */;
			projectDirPath = "";
			projectRoot = "";
			targets = (
				C10FB72E18D88E6F0051B96B /* GroupTableView */,
				C10FB74918D88E700051B96B /* GroupTableViewTests */,
			);
		};
/* End PBXProject section */

/* Begin PBXResourcesBuildPhase section */
		C10FB72D18D88E6F0051B96B /* Resources */ = {
			isa = PBXResourcesBuildPhase;
			buildActionMask = 2147483647;
			files = (
				C10FB73D18D88E700051B96B /* InfoPlist.strings in Resources */,
				C10FB76518D88E9A0051B96B /* ViewController.xib in Resources */,
				C10FB74518D88E700051B96B /* Images.xcassets in Resources */,
				C10FB76A18D897DC0051B96B /* DetailViewController.xib in Resources */,
			);
			runOnlyForDeploymentPostprocessing = 0;
		};
		C10FB74818D88E700051B96B /* Resources */ = {
			isa = PBXResourcesBuildPhase;
			buildActionMask = 2147483647;
			files = (
				C10FB75618D88E700051B96B /* InfoPlist.strings in Resources */,
			);
			runOnlyForDeploymentPostprocessing = 0;
		};
/* End PBXResourcesBuildPhase section */

/* Begin PBXSourcesBuildPhase section */
		C10FB72B18D88E6F0051B96B /* Sources */ = {
			isa = PBXSourcesBuildPhase;
			buildActionMask = 2147483647;
			files = (
				C10FB76418D88E9A0051B96B /* ViewController.m in Sources */,
				C10FB74318D88E700051B96B /* AppDelegate.m in Sources */,
				C10FB73F18D88E700051B96B /* main.m in Sources */,
				C10FB76918D897DC0051B96B /* DetailViewController.m in Sources */,
			);
			runOnlyForDeploymentPostprocessing = 0;
		};
		C10FB74618D88E700051B96B /* Sources */ = {
			isa = PBXSourcesBuildPhase;
			buildActionMask = 2147483647;
			files = (
				C10FB75818D88E700051B96B /* GroupTableViewTests.m in Sources */,
			);
			runOnlyForDeploymentPostprocessing = 0;
		};
/* End PBXSourcesBuildPhase section */

/* Begin PBXTargetDependency section */
		C10FB75018D88E700051B96B /* PBXTargetDependency */ = {
			isa = PBXTargetDependency;
			target = C10FB72E18D88E6F0051B96B /* GroupTableView */;
			targetProxy = C10FB74F18D88E700051B96B /* PBXContainerItemProxy */;
		};
/* End PBXTargetDependency section */

/* Begin PBXVariantGroup section */
		C10FB73B18D88E700051B96B /* InfoPlist.strings */ = {
			isa = PBXVariantGroup;
			children = (
				C10FB73C18D88E700051B96B /* en */,
			);
			name = InfoPlist.strings;
			sourceTree = "<group>";
		};
		C10FB75418D88E700051B96B /* InfoPlist.strings */ = {
			isa = PBXVariantGroup;
			children = (
				C10FB75518D88E700051B96B /* en */,
			);
			name = InfoPlist.strings;
			sourceTree = "<group>";
		};
/* End PBXVariantGroup section */

/* Begin XCBuildConfiguration section */
		C10FB75918D88E700051B96B /* Debug */ = {
			isa = XCBuildConfiguration;
			buildSettings = {
				ALWAYS_SEARCH_USER_PATHS = NO;
				CLANG_CXX_LANGUAGE_STANDARD = "gnu++0x";
				CLANG_CXX_LIBRARY = "libc++";
				CLANG_ENABLE_MODULES = YES;
				CLANG_ENABLE_OBJC_ARC = YES;
				CLANG_WARN_BOOL_CONVERSION = YES;
				CLANG_WARN_CONSTANT_CONVERSION = YES;
				CLANG_WARN_DIRECT_OBJC_ISA_USAGE = YES_ERROR;
				CLANG_WARN_EMPTY_BODY = YES;
				CLANG_WARN_ENUM_CONVERSION = YES;
				CLANG_WARN_INT_CONVERSION = YES;
				CLANG_WARN_OBJC_ROOT_CLASS = YES_ERROR;
				CLANG_WARN__DUPLICATE_METHOD_MATCH = YES;
				"CODE_SIGN_IDENTITY[sdk=iphoneos*]" = "iPhone Developer";
				COPY_PHASE_STRIP = NO;
				GCC_C_LANGUAGE_STANDARD = gnu99;
				GCC_DYNAMIC_NO_PIC = NO;
				GCC_OPTIMIZATION_LEVEL = 0;
				GCC_PREPROCESSOR_DEFINITIONS = (
					"DEBUG=1",
					"$(inherited)",
				);
				GCC_SYMBOLS_PRIVATE_EXTERN = NO;
				GCC_WARN_64_TO_32_BIT_CONVERSION = YES;
				GCC_WARN_ABOUT_RETURN_TYPE = YES_ERROR;
				GCC_WARN_UNDECLARED_SELECTOR = YES;
				GCC_WARN_UNINITIALIZED_AUTOS = YES_AGGRESSIVE;
				GCC_WARN_UNUSED_FUNCTION = YES;
				GCC_WARN_UNUSED_VARIABLE = YES;
				IPHONEOS_DEPLOYMENT_TARGET = 7.1;
				ONLY_ACTIVE_ARCH = YES;
				SDKROOT = iphoneos;
			};
			name = Debug;
		};
		C10FB75A18D88E700051B96B /* Release */ = {
			isa = XCBuildConfiguration;
			buildSettings = {
				ALWAYS_SEARCH_USER_PATHS = NO;
				CLANG_CXX_LANGUAGE_STANDARD = "gnu++0x";
				CLANG_CXX_LIBRARY = "libc++";
				CLANG_ENABLE_MODULES = YES;
				CLANG_ENABLE_OBJC_ARC = YES;
				CLANG_WARN_BOOL_CONVERSION = YES;
				CLANG_WARN_CONSTANT_CONVERSION = YES;
				CLANG_WARN_DIRECT_OBJC_ISA_USAGE = YES_ERROR;
				CLANG_WARN_EMPTY_BODY = YES;
				CLANG_WARN_ENUM_CONVERSION = YES;
				CLANG_WARN_INT_CONVERSION = YES;
				CLANG_WARN_OBJC_ROOT_CLASS = YES_ERROR;
				CLANG_WARN__DUPLICATE_METHOD_MATCH = YES;
				"CODE_SIGN_IDENTITY[sdk=iphoneos*]" = "iPhone Developer";
				COPY_PHASE_STRIP = YES;
				ENABLE_NS_ASSERTIONS = NO;
				GCC_C_LANGUAGE_STANDARD = gnu99;
				GCC_WARN_64_TO_32_BIT_CONVERSION = YES;
				GCC_WARN_ABOUT_RETURN_TYPE = YES_ERROR;
				GCC_WARN_UNDECLARED_SELECTOR = YES;
				GCC_WARN_UNINITIALIZED_AUTOS = YES_AGGRESSIVE;
				GCC_WARN_UNUSED_FUNCTION = YES;
				GCC_WARN_UNUSED_VARIABLE = YES;
				IPHONEOS_DEPLOYMENT_TARGET = 7.1;
				SDKROOT = iphoneos;
				VALIDATE_PRODUCT = YES;
			};
			name = Release;
		};
		C10FB75C18D88E700051B96B /* Debug */ = {
			isa = XCBuildConfiguration;
			buildSettings = {
				ASSETCATALOG_COMPILER_APPICON_NAME = AppIcon;
				ASSETCATALOG_COMPILER_LAUNCHIMAGE_NAME = LaunchImage;
				GCC_PRECOMPILE_PREFIX_HEADER = YES;
				GCC_PREFIX_HEADER = "GroupTableView/GroupTableView-Prefix.pch";
				INFOPLIST_FILE = "GroupTableView/GroupTableView-Info.plist";
				PRODUCT_NAME = "$(TARGET_NAME)";
				WRAPPER_EXTENSION = app;
			};
			name = Debug;
		};
		C10FB75D18D88E700051B96B /* Release */ = {
			isa = XCBuildConfiguration;
			buildSettings = {
				ASSETCATALOG_COMPILER_APPICON_NAME = AppIcon;
				ASSETCATALOG_COMPILER_LAUNCHIMAGE_NAME = LaunchImage;
				GCC_PRECOMPILE_PREFIX_HEADER = YES;
				GCC_PREFIX_HEADER = "GroupTableView/GroupTableView-Prefix.pch";
				INFOPLIST_FILE = "GroupTableView/GroupTableView-Info.plist";
				PRODUCT_NAME = "$(TARGET_NAME)";
				WRAPPER_EXTENSION = app;
			};
			name = Release;
		};
		C10FB75F18D88E700051B96B /* Debug */ = {
			isa = XCBuildConfiguration;
			buildSettings = {
				BUNDLE_LOADER = "$(BUILT_PRODUCTS_DIR)/GroupTableView.app/GroupTableView";
				FRAMEWORK_SEARCH_PATHS = (
					"$(SDKROOT)/Developer/Library/Frameworks",
					"$(inherited)",
					"$(DEVELOPER_FRAMEWORKS_DIR)",
				);
				GCC_PRECOMPILE_PREFIX_HEADER = YES;
				GCC_PREFIX_HEADER = "GroupTableView/GroupTableView-Prefix.pch";
				GCC_PREPROCESSOR_DEFINITIONS = (
					"DEBUG=1",
					"$(inherited)",
				);
				INFOPLIST_FILE = "GroupTableViewTests/GroupTableViewTests-Info.plist";
				PRODUCT_NAME = "$(TARGET_NAME)";
				TEST_HOST = "$(BUNDLE_LOADER)";
				WRAPPER_EXTENSION = xctest;
			};
			name = Debug;
		};
		C10FB76018D88E700051B96B /* Release */ = {
			isa = XCBuildConfiguration;
			buildSettings = {
				BUNDLE_LOADER = "$(BUILT_PRODUCTS_DIR)/GroupTableView.app/GroupTableView";
				FRAMEWORK_SEARCH_PATHS = (
					"$(SDKROOT)/Developer/Library/Frameworks",
					"$(inherited)",
					"$(DEVELOPER_FRAMEWORKS_DIR)",
				);
				GCC_PRECOMPILE_PREFIX_HEADER = YES;
				GCC_PREFIX_HEADER = "GroupTableView/GroupTableView-Prefix.pch";
				INFOPLIST_FILE = "GroupTableViewTests/GroupTableViewTests-Info.plist";
				PRODUCT_NAME = "$(TARGET_NAME)";
				TEST_HOST = "$(BUNDLE_LOADER)";
				WRAPPER_EXTENSION = xctest;
			};
			name = Release;
		};
/* End XCBuildConfiguration section */

/* Begin XCConfigurationList section */
		C10FB72A18D88E6F0051B96B /* Build configuration list for PBXProject "GroupTableView" */ = {
			isa = XCConfigurationList;
			buildConfigurations = (
				C10FB75918D88E700051B96B /* Debug */,
				C10FB75A18D88E700051B96B /* Release */,
			);
			defaultConfigurationIsVisible = 0;
			defaultConfigurationName = Release;
		};
		C10FB75B18D88E700051B96B /* Build configuration list for PBXNativeTarget "GroupTableView" */ = {
			isa = XCConfigurationList;
			buildConfigurations = (
				C10FB75C18D88E700051B96B /* Debug */,
				C10FB75D18D88E700051B96B /* Release */,
			);
			defaultConfigurationIsVisible = 0;
		};
		C10FB75E18D88E700051B96B /* Build configuration list for PBXNativeTarget "GroupTableViewTests" */ = {
			isa = XCConfigurationList;
			buildConfigurations = (
				C10FB75F18D88E700051B96B /* Debug */,
				C10FB76018D88E700051B96B /* Release */,
			);
			defaultConfigurationIsVisible = 0;
		};
/* End XCConfigurationList section */
	};
	rootObject = C10FB72718D88E6F0051B96B /* Project object */;
}
